
Microsoft Visual Studio Solution File, Format Version 12.00
# Visual Studio Version 16
VisualStudioVersion = 16.0.30204.135
MinimumVisualStudioVersion = 10.0.40219.1
Project("{FAE04EC0-301F-11D3-BF4B-00C04F79EFBC}") = "ASPIdentityDevPack", "ASPIdentityDevPack.csproj", "{13604C60-8C9E-4192-9D59-3DBF6E6D391F}"
EndProject
Project("{FAE04EC0-301F-11D3-BF4B-00C04F79EFBC}") = "ASPIdentityDevPack.Identity", "..\ASPIdentityDevPack.Identity\ASPIdentityDevPack.Identity.csproj", "{6424E170-91A6-47A8-9FAE-13D55D9B1897}"
EndProject
Project("{FAE04EC0-301F-11D3-BF4B-00C04F79EFBC}") = "ASPIdentityDevPack.infra", "..\ASPIdentityDevPack.infra\ASPIdentityDevPack.infra.csproj", "{8E8E86C5-3560-4BCA-BED1-7E6F0EDD060D}"
EndProject
Global
	GlobalSection(SolutionConfigurationPlatforms) = preSolution
		Debug|Any CPU = Debug|Any CPU
		Release|Any CPU = Release|Any CPU
	EndGlobalSection
	GlobalSection(ProjectConfigurationPlatforms) = postSolution
		{13604C60-8C9E-4192-9D59-3DBF6E6D391F}.Debug|Any CPU.ActiveCfg = Debug|Any CPU
		{13604C60-8C9E-4192-9D59-3DBF6E6D391F}.Debug|Any CPU.Build.0 = Debug|Any CPU
		{13604C60-8C9E-4192-9D59-3DBF6E6D391F}.Release|Any CPU.ActiveCfg = Release|Any CPU
		{13604C60-8C9E-4192-9D59-3DBF6E6D391F}.Release|Any CPU.Build.0 = Release|Any CPU
		{6424E170-91A6-47A8-9FAE-13D55D9B1897}.Debug|Any CPU.ActiveCfg = Debug|Any CPU
		{6424E170-91A6-47A8-9FAE-13D55D9B1897}.Debug|Any CPU.Build.0 = Debug|Any CPU
		{6424E170-91A6-47A8-9FAE-13D55D9B1897}.Release|Any CPU.ActiveCfg = Release|Any CPU
		{6424E170-91A6-47A8-9FAE-13D55D9B1897}.Release|Any CPU.Build.0 = Release|Any CPU
		{8E8E86C5-3560-4BCA-BED1-7E6F0EDD060D}.Debug|Any CPU.ActiveCfg = Debug|Any CPU
		{8E8E86C5-3560-4BCA-BED1-7E6F0EDD060D}.Debug|Any CPU.Build.0 = Debug|Any CPU
		{8E8E86C5-3560-4BCA-BED1-7E6F0EDD060D}.Release|Any CPU.ActiveCfg = Release|Any CPU
		{8E8E86C5-3560-4BCA-BED1-7E6F0EDD060D}.Release|Any CPU.Build.0 = Release|Any CPU
	EndGlobalSection
	GlobalSection(SolutionProperties) = preSolution
		HideSolutionNode = FALSE
	EndGlobalSection
	GlobalSection(ExtensibilityGlobals) = postSolution
		SolutionGuid = {5D38C505-A678-438E-A575-137B96070E5D}
	EndGlobalSection
EndGlobal
